
Microsoft Visual Studio Solution File, Format Version 12.00
# Visual Studio Version 17
VisualStudioVersion = 17.0.31903.59
MinimumVisualStudioVersion = 10.0.40219.1
Project("{2150E333-8FDC-42A3-9474-1A3956D46DE8}") = "src", "src", "{2E0EBED6-A303-4FDF-8C2B-F1F7D16F4C26}"
EndProject
Project("{2150E333-8FDC-42A3-9474-1A3956D46DE8}") = "examples", "examples", "{CA60FCFD-A53C-467F-86F7-8C3B50B02FC2}"
EndProject
Project("{9A19103F-16F7-4668-BE54-9A1E7A4F7556}") = "Nostr.Core", "src\Nostr.Core\Nostr.Core.csproj", "{CC200133-4192-43A1-A12E-E5ADB45A4B18}"
EndProject
Project("{9A19103F-16F7-4668-BE54-9A1E7A4F7556}") = "Nostr.Relay.API", "examples\Nostr.Relay.API\Nostr.Relay.API.csproj", "{900E8888-78AB-49F8-8E45-EA4B53CB6608}"
EndProject
Global
	GlobalSection(SolutionConfigurationPlatforms) = preSolution
		Debug|Any CPU = Debug|Any CPU
		Release|Any CPU = Release|Any CPU
	EndGlobalSection
	GlobalSection(ProjectConfigurationPlatforms) = postSolution
		{CC200133-4192-43A1-A12E-E5ADB45A4B18}.Debug|Any CPU.ActiveCfg = Debug|Any CPU
		{CC200133-4192-43A1-A12E-E5ADB45A4B18}.Debug|Any CPU.Build.0 = Debug|Any CPU
		{CC200133-4192-43A1-A12E-E5ADB45A4B18}.Release|Any CPU.ActiveCfg = Release|Any CPU
		{CC200133-4192-43A1-A12E-E5ADB45A4B18}.Release|Any CPU.Build.0 = Release|Any CPU
		{900E8888-78AB-49F8-8E45-EA4B53CB6608}.Debug|Any CPU.ActiveCfg = Debug|Any CPU
		{900E8888-78AB-49F8-8E45-EA4B53CB6608}.Debug|Any CPU.Build.0 = Debug|Any CPU
		{900E8888-78AB-49F8-8E45-EA4B53CB6608}.Release|Any CPU.ActiveCfg = Release|Any CPU
		{900E8888-78AB-49F8-8E45-EA4B53CB6608}.Release|Any CPU.Build.0 = Release|Any CPU
	EndGlobalSection
	GlobalSection(SolutionProperties) = preSolution
		HideSolutionNode = FALSE
	EndGlobalSection
	GlobalSection(NestedProjects) = preSolution
		{CC200133-4192-43A1-A12E-E5ADB45A4B18} = {2E0EBED6-A303-4FDF-8C2B-F1F7D16F4C26}
		{900E8888-78AB-49F8-8E45-EA4B53CB6608} = {CA60FCFD-A53C-467F-86F7-8C3B50B02FC2}
	EndGlobalSection
	GlobalSection(ExtensibilityGlobals) = postSolution
		SolutionGuid = {85CA2CD3-3229-4B5A-BBBF-27655F3897DB}
	EndGlobalSection
EndGlobal
